
Microsoft Visual Studio Solution File, Format Version 12.00
# Visual Studio 2013
VisualStudioVersion = 12.0.31101.0
MinimumVisualStudioVersion = 10.0.40219.1
Project("{FAE04EC0-301F-11D3-BF4B-00C04F79EFBC}") = "SportsClubPlayerSerializationToXML", "SportsClubSerializationToXML\SportsClubPlayerSerializationToXML.csproj", "{58F3A733-9C01-473A-B54A-7E25B13467A9}"
EndProject
Project("{FAE04EC0-301F-11D3-BF4B-00C04F79EFBC}") = "Plugin", "..\Plugin\Plugin\Plugin.csproj", "{31108FA3-6E12-438C-96C8-DB5022D663AF}"
EndProject
Project("{FAE04EC0-301F-11D3-BF4B-00C04F79EFBC}") = "PlayerContracts", "..\PlayerContracts\PlayerContracts\PlayerContracts.csproj", "{164EBD8C-111F-4DC9-BF7A-9D896EB79543}"
EndProject
Project("{FAE04EC0-301F-11D3-BF4B-00C04F79EFBC}") = "JsonSerializationPlugin", "..\JsonSerializationPlugin\JsonSerializationPlugin\JsonSerializationPlugin.csproj", "{8A6FEE35-3DA7-4132-B1CF-3E1F9A4246E4}"
EndProject
Global
	GlobalSection(SolutionConfigurationPlatforms) = preSolution
		Debug|Any CPU = Debug|Any CPU
		Release|Any CPU = Release|Any CPU
	EndGlobalSection
	GlobalSection(ProjectConfigurationPlatforms) = postSolution
		{58F3A733-9C01-473A-B54A-7E25B13467A9}.Debug|Any CPU.ActiveCfg = Debug|Any CPU
		{58F3A733-9C01-473A-B54A-7E25B13467A9}.Debug|Any CPU.Build.0 = Debug|Any CPU
		{58F3A733-9C01-473A-B54A-7E25B13467A9}.Release|Any CPU.ActiveCfg = Release|Any CPU
		{58F3A733-9C01-473A-B54A-7E25B13467A9}.Release|Any CPU.Build.0 = Release|Any CPU
		{31108FA3-6E12-438C-96C8-DB5022D663AF}.Debug|Any CPU.ActiveCfg = Debug|Any CPU
		{31108FA3-6E12-438C-96C8-DB5022D663AF}.Debug|Any CPU.Build.0 = Debug|Any CPU
		{31108FA3-6E12-438C-96C8-DB5022D663AF}.Release|Any CPU.ActiveCfg = Release|Any CPU
		{31108FA3-6E12-438C-96C8-DB5022D663AF}.Release|Any CPU.Build.0 = Release|Any CPU
		{164EBD8C-111F-4DC9-BF7A-9D896EB79543}.Debug|Any CPU.ActiveCfg = Debug|Any CPU
		{164EBD8C-111F-4DC9-BF7A-9D896EB79543}.Debug|Any CPU.Build.0 = Debug|Any CPU
		{164EBD8C-111F-4DC9-BF7A-9D896EB79543}.Release|Any CPU.ActiveCfg = Release|Any CPU
		{164EBD8C-111F-4DC9-BF7A-9D896EB79543}.Release|Any CPU.Build.0 = Release|Any CPU
		{8A6FEE35-3DA7-4132-B1CF-3E1F9A4246E4}.Debug|Any CPU.ActiveCfg = Debug|Any CPU
		{8A6FEE35-3DA7-4132-B1CF-3E1F9A4246E4}.Debug|Any CPU.Build.0 = Debug|Any CPU
		{8A6FEE35-3DA7-4132-B1CF-3E1F9A4246E4}.Release|Any CPU.ActiveCfg = Release|Any CPU
		{8A6FEE35-3DA7-4132-B1CF-3E1F9A4246E4}.Release|Any CPU.Build.0 = Release|Any CPU
	EndGlobalSection
	GlobalSection(SolutionProperties) = preSolution
		HideSolutionNode = FALSE
	EndGlobalSection
EndGlobal
